
Microsoft Visual Studio Solution File, Format Version 12.00
# Visual Studio Version 17
VisualStudioVersion = 17.9.34701.34
MinimumVisualStudioVersion = 10.0.40219.1
Project("{FAE04EC0-301F-11D3-BF4B-00C04F79EFBC}") = "KT_Nhom1", "KT_Nhom1\KT_Nhom1.csproj", "{934E6306-6A12-4D72-A5F7-D211C4616F74}"
EndProject
Global
	GlobalSection(SolutionConfigurationPlatforms) = preSolution
		Debug|Any CPU = Debug|Any CPU
		Release|Any CPU = Release|Any CPU
	EndGlobalSection
	GlobalSection(ProjectConfigurationPlatforms) = postSolution
		{934E6306-6A12-4D72-A5F7-D211C4616F74}.Debug|Any CPU.ActiveCfg = Debug|Any CPU
		{934E6306-6A12-4D72-A5F7-D211C4616F74}.Debug|Any CPU.Build.0 = Debug|Any CPU
		{934E6306-6A12-4D72-A5F7-D211C4616F74}.Release|Any CPU.ActiveCfg = Release|Any CPU
		{934E6306-6A12-4D72-A5F7-D211C4616F74}.Release|Any CPU.Build.0 = Release|Any CPU
	EndGlobalSection
	GlobalSection(SolutionProperties) = preSolution
		HideSolutionNode = FALSE
	EndGlobalSection
	GlobalSection(ExtensibilityGlobals) = postSolution
		SolutionGuid = {3BAD7DBF-EB0B-4DC3-BE90-12C622BDFA20}
	EndGlobalSection
EndGlobal
